# This file is automatically @generated by Cargo.
# It is not intended for manual editing.
[[package]]
name = "blitz"
version = "0.1.0"
dependencies = [
 "rlimit",
]

[[package]]
name = "libc"
version = "0.2.94"
source = "registry+https://github.com/rust-lang/crates.io-index"
checksum = "18794a8ad5b29321f790b55d93dfba91e125cb1a9edbd4f8e3150acc771c1a5e"

[[package]]
name = "rlimit"
version = "0.5.4"
source = "registry+https://github.com/rust-lang/crates.io-index"
checksum = "81a9ed03edbed449d6897c2092c71ab5f7b5fb80f6f0b1a3ed6d40a6f9fc0720"
dependencies = [
 "libc",
]
